
Microsoft Visual Studio Solution File, Format Version 12.00
# Visual Studio 15
VisualStudioVersion = 15.0.28307.329
MinimumVisualStudioVersion = 10.0.40219.1
Project("{FAE04EC0-301F-11D3-BF4B-00C04F79EFBC}") = "WebApplication1", "WebApplication1\WebApplication1.csproj", "{A5DF1441-51DB-4EDD-8415-DCF8F01715C3}"
EndProject
Global
	GlobalSection(SolutionConfigurationPlatforms) = preSolution
		Debug|Any CPU = Debug|Any CPU
		Release|Any CPU = Release|Any CPU
	EndGlobalSection
	GlobalSection(ProjectConfigurationPlatforms) = postSolution
		{A5DF1441-51DB-4EDD-8415-DCF8F01715C3}.Debug|Any CPU.ActiveCfg = Debug|Any CPU
		{A5DF1441-51DB-4EDD-8415-DCF8F01715C3}.Debug|Any CPU.Build.0 = Debug|Any CPU
		{A5DF1441-51DB-4EDD-8415-DCF8F01715C3}.Release|Any CPU.ActiveCfg = Release|Any CPU
		{A5DF1441-51DB-4EDD-8415-DCF8F01715C3}.Release|Any CPU.Build.0 = Release|Any CPU
	EndGlobalSection
	GlobalSection(SolutionProperties) = preSolution
		HideSolutionNode = FALSE
	EndGlobalSection
	GlobalSection(ExtensibilityGlobals) = postSolution
		SolutionGuid = {FF5CF8D3-1754-4EA3-A810-666437E34EA9}
	EndGlobalSection
EndGlobal
